// !$*UTF8*$!
{
	archiveVersion = 1;
	classes = {
	};
	objectVersion = 77;
	objects = {

/* Begin PBXBuildFile section */
		2F35D2F3C1272E10D6B1C2E2 /* WNBAGamesApp.swift in Sources */ = {isa = PBXBuildFile; fileRef = 0A2AB47B9BF6AD3C82362CDD /* WNBAGamesApp.swift */; };
		61A92C71611BA42E14EDCC84 /* ESPNService.swift in Sources */ = {isa = PBXBuildFile; fileRef = CDA9B62C7951AFAD874B5348 /* ESPNService.swift */; };
		9C8160A528804F72461D30D1 /* EmptyStateView.swift in Sources */ = {isa = PBXBuildFile; fileRef = 46D89B56D1AFB55D7F66DBC2 /* EmptyStateView.swift */; };
		B129CECB20887C8BEB871BDE /* NetworkBadgeView.swift in Sources */ = {isa = PBXBuildFile; fileRef = 42713DFFEBFCB6D7A58FFA56 /* NetworkBadgeView.swift */; };
		B5ED6BBFAA77ACCD22B599D3 /* Game.swift in Sources */ = {isa = PBXBuildFile; fileRef = 2AF2CF186C626FBF5AF9DA7C /* Game.swift */; };
		C3C470217784BE2B9C0AD89B /* Color+Hex.swift in Sources */ = {isa = PBXBuildFile; fileRef = 4FF75B2E0141E9829666A665 /* Color+Hex.swift */; };
		C4F8B398EB99AEAFD66F2626 /* GamesViewModel.swift in Sources */ = {isa = PBXBuildFile; fileRef = 1E579A33DEFB3BA0D2C7BB33 /* GamesViewModel.swift */; };
		C5BA19C981317A9EA677A325 /* MenuBarPopoverView.swift in Sources */ = {isa = PBXBuildFile; fileRef = B0F299B81EF17932EC93B7B2 /* MenuBarPopoverView.swift */; };
		C95F09C5934A15629B4FC764 /* GameRowView.swift in Sources */ = {isa = PBXBuildFile; fileRef = 1C3E5F20423FD3AA687BB9E8 /* GameRowView.swift */; };
		E46E3E23F6A89830131ACE29 /* BroadcastNetwork.swift in Sources */ = {isa = PBXBuildFile; fileRef = 3522E1353C556FE83C6731AD /* BroadcastNetwork.swift */; };
		FB830CFE4A4C595D422C1F5C /* ESPNResponse.swift in Sources */ = {isa = PBXBuildFile; fileRef = 943BA22E3B37983B08D94B9F /* ESPNResponse.swift */; };
/* End PBXBuildFile section */

/* Begin PBXFileReference section */
		0A2AB47B9BF6AD3C82362CDD /* WNBAGamesApp.swift */ = {isa = PBXFileReference; lastKnownFileType = sourcecode.swift; path = WNBAGamesApp.swift; sourceTree = "<group>"; };
		1C3E5F20423FD3AA687BB9E8 /* GameRowView.swift */ = {isa = PBXFileReference; lastKnownFileType = sourcecode.swift; path = GameRowView.swift; sourceTree = "<group>"; };
		1E579A33DEFB3BA0D2C7BB33 /* GamesViewModel.swift */ = {isa = PBXFileReference; lastKnownFileType = sourcecode.swift; path = GamesViewModel.swift; sourceTree = "<group>"; };
		2AF2CF186C626FBF5AF9DA7C /* Game.swift */ = {isa = PBXFileReference; lastKnownFileType = sourcecode.swift; path = Game.swift; sourceTree = "<group>"; };
		3522E1353C556FE83C6731AD /* BroadcastNetwork.swift */ = {isa = PBXFileReference; lastKnownFileType = sourcecode.swift; path = BroadcastNetwork.swift; sourceTree = "<group>"; };
		42713DFFEBFCB6D7A58FFA56 /* NetworkBadgeView.swift */ = {isa = PBXFileReference; lastKnownFileType = sourcecode.swift; path = NetworkBadgeView.swift; sourceTree = "<group>"; };
		46D89B56D1AFB55D7F66DBC2 /* EmptyStateView.swift */ = {isa = PBXFileReference; lastKnownFileType = sourcecode.swift; path = EmptyStateView.swift; sourceTree = "<group>"; };
		4FF75B2E0141E9829666A665 /* Color+Hex.swift */ = {isa = PBXFileReference; lastKnownFileType = sourcecode.swift; path = "Color+Hex.swift"; sourceTree = "<group>"; };
		5B7F9C7E3E6884B0AC594C61 /* WNBAGames.app */ = {isa = PBXFileReference; explicitFileType = wrapper.application; includeInIndex = 0; path = WNBAGames.app; sourceTree = BUILT_PRODUCTS_DIR; };
		89BA81B90812D139B15A8D19 /* WNBAGames.entitlements */ = {isa = PBXFileReference; lastKnownFileType = text.plist.entitlements; path = WNBAGames.entitlements; sourceTree = "<group>"; };
		943BA22E3B37983B08D94B9F /* ESPNResponse.swift */ = {isa = PBXFileReference; lastKnownFileType = sourcecode.swift; path = ESPNResponse.swift; sourceTree = "<group>"; };
		B0F299B81EF17932EC93B7B2 /* MenuBarPopoverView.swift */ = {isa = PBXFileReference; lastKnownFileType = sourcecode.swift; path = MenuBarPopoverView.swift; sourceTree = "<group>"; };
		CDA9B62C7951AFAD874B5348 /* ESPNService.swift */ = {isa = PBXFileReference; lastKnownFileType = sourcecode.swift; path = ESPNService.swift; sourceTree = "<group>"; };
		D8937C11A2F9AA5525AE2E11 /* Info.plist */ = {isa = PBXFileReference; lastKnownFileType = text.plist; path = Info.plist; sourceTree = "<group>"; };
/* End PBXFileReference section */

/* Begin PBXGroup section */
		2917C1DD46CCA90A43AB3537 /* Services */ = {
			isa = PBXGroup;
			children = (
				CDA9B62C7951AFAD874B5348 /* ESPNService.swift */,
			);
			path = Services;
			sourceTree = "<group>";
		};
		3FDDADEA7562F70AB41CBB48 /* WNBAGames */ = {
			isa = PBXGroup;
			children = (
				D8937C11A2F9AA5525AE2E11 /* Info.plist */,
				89BA81B90812D139B15A8D19 /* WNBAGames.entitlements */,
				0A2AB47B9BF6AD3C82362CDD /* WNBAGamesApp.swift */,
				E38AE43BB096955F6AE63D8B /* Extensions */,
				A519CF3448D3CC586333C2AC /* Models */,
				2917C1DD46CCA90A43AB3537 /* Services */,
				5BEDD3094F93BD9090920587 /* ViewModels */,
				6AC9748832F5AE4E19A33285 /* Views */,
			);
			path = WNBAGames;
			sourceTree = "<group>";
		};
		5BEDD3094F93BD9090920587 /* ViewModels */ = {
			isa = PBXGroup;
			children = (
				1E579A33DEFB3BA0D2C7BB33 /* GamesViewModel.swift */,
			);
			path = ViewModels;
			sourceTree = "<group>";
		};
		6AC9748832F5AE4E19A33285 /* Views */ = {
			isa = PBXGroup;
			children = (
				46D89B56D1AFB55D7F66DBC2 /* EmptyStateView.swift */,
				1C3E5F20423FD3AA687BB9E8 /* GameRowView.swift */,
				B0F299B81EF17932EC93B7B2 /* MenuBarPopoverView.swift */,
				42713DFFEBFCB6D7A58FFA56 /* NetworkBadgeView.swift */,
			);
			path = Views;
			sourceTree = "<group>";
		};
		6D82E883857C0687BF6A71FA = {
			isa = PBXGroup;
			children = (
				3FDDADEA7562F70AB41CBB48 /* WNBAGames */,
				DB74DF7309A10E31E2E77833 /* Products */,
			);
			sourceTree = "<group>";
		};
		A519CF3448D3CC586333C2AC /* Models */ = {
			isa = PBXGroup;
			children = (
				3522E1353C556FE83C6731AD /* BroadcastNetwork.swift */,
				943BA22E3B37983B08D94B9F /* ESPNResponse.swift */,
				2AF2CF186C626FBF5AF9DA7C /* Game.swift */,
			);
			path = Models;
			sourceTree = "<group>";
		};
		DB74DF7309A10E31E2E77833 /* Products */ = {
			isa = PBXGroup;
			children = (
				5B7F9C7E3E6884B0AC594C61 /* WNBAGames.app */,
			);
			name = Products;
			sourceTree = "<group>";
		};
		E38AE43BB096955F6AE63D8B /* Extensions */ = {
			isa = PBXGroup;
			children = (
				4FF75B2E0141E9829666A665 /* Color+Hex.swift */,
			);
			path = Extensions;
			sourceTree = "<group>";
		};
/* End PBXGroup section */

/* Begin PBXNativeTarget section */
		2CA2C9CCB1C2BE79F1A0DDF2 /* WNBAGames */ = {
			isa = PBXNativeTarget;
			buildConfigurationList = EA136CA9E2C49721D9FA73EE /* Build configuration list for PBXNativeTarget "WNBAGames" */;
			buildPhases = (
				3EB7F306F024274630CFA472 /* Sources */,
			);
			buildRules = (
			);
			dependencies = (
			);
			name = WNBAGames;
			packageProductDependencies = (
			);
			productName = WNBAGames;
			productReference = 5B7F9C7E3E6884B0AC594C61 /* WNBAGames.app */;
			productType = "com.apple.product-type.application";
		};
/* End PBXNativeTarget section */

/* Begin PBXProject section */
		39B8878901346563C7BAE701 /* Project object */ = {
			isa = PBXProject;
			attributes = {
				BuildIndependentTargetsInParallel = YES;
				LastUpgradeCheck = 1600;
				TargetAttributes = {
					2CA2C9CCB1C2BE79F1A0DDF2 = {
						DevelopmentTeam = "";
						ProvisioningStyle = Automatic;
					};
				};
			};
			buildConfigurationList = FFB7FE58E363A81AB832F7F2 /* Build configuration list for PBXProject "WNBAGames" */;
			developmentRegion = en;
			hasScannedForEncodings = 0;
			knownRegions = (
				Base,
				en,
			);
			mainGroup = 6D82E883857C0687BF6A71FA;
			minimizedProjectReferenceProxies = 1;
			preferredProjectObjectVersion = 77;
			productRefGroup = DB74DF7309A10E31E2E77833 /* Products */;
			projectDirPath = "";
			projectRoot = "";
			targets = (
				2CA2C9CCB1C2BE79F1A0DDF2 /* WNBAGames */,
			);
		};
/* End PBXProject section */

/* Begin PBXSourcesBuildPhase section */
		3EB7F306F024274630CFA472 /* Sources */ = {
			isa = PBXSourcesBuildPhase;
			buildActionMask = 2147483647;
			files = (
				E46E3E23F6A89830131ACE29 /* BroadcastNetwork.swift in Sources */,
				C3C470217784BE2B9C0AD89B /* Color+Hex.swift in Sources */,
				FB830CFE4A4C595D422C1F5C /* ESPNResponse.swift in Sources */,
				61A92C71611BA42E14EDCC84 /* ESPNService.swift in Sources */,
				9C8160A528804F72461D30D1 /* EmptyStateView.swift in Sources */,
				B5ED6BBFAA77ACCD22B599D3 /* Game.swift in Sources */,
				C95F09C5934A15629B4FC764 /* GameRowView.swift in Sources */,
				C4F8B398EB99AEAFD66F2626 /* GamesViewModel.swift in Sources */,
				C5BA19C981317A9EA677A325 /* MenuBarPopoverView.swift in Sources */,
				B129CECB20887C8BEB871BDE /* NetworkBadgeView.swift in Sources */,
				2F35D2F3C1272E10D6B1C2E2 /* WNBAGamesApp.swift in Sources */,
			);
			runOnlyForDeploymentPostprocessing = 0;
		};
/* End PBXSourcesBuildPhase section */

/* Begin XCBuildConfiguration section */
		19FDE2D6750597FBF6118E06 /* Release */ = {
			isa = XCBuildConfiguration;
			buildSettings = {
				ALWAYS_SEARCH_USER_PATHS = NO;
				CLANG_ANALYZER_NONNULL = YES;
				CLANG_ANALYZER_NUMBER_OBJECT_CONVERSION = YES_AGGRESSIVE;
				CLANG_CXX_LANGUAGE_STANDARD = "gnu++14";
				CLANG_CXX_LIBRARY = "libc++";
				CLANG_ENABLE_MODULES = YES;
				CLANG_ENABLE_OBJC_ARC = YES;
				CLANG_ENABLE_OBJC_WEAK = YES;
				CLANG_WARN_BLOCK_CAPTURE_AUTORELEASING = YES;
				CLANG_WARN_BOOL_CONVERSION = YES;
				CLANG_WARN_COMMA = YES;
				CLANG_WARN_CONSTANT_CONVERSION = YES;
				CLANG_WARN_DEPRECATED_OBJC_IMPLEMENTATIONS = YES;
				CLANG_WARN_DIRECT_OBJC_ISA_USAGE = YES_ERROR;
				CLANG_WARN_DOCUMENTATION_COMMENTS = YES;
				CLANG_WARN_EMPTY_BODY = YES;
				CLANG_WARN_ENUM_CONVERSION = YES;
				CLANG_WARN_INFINITE_RECURSION = YES;
				CLANG_WARN_INT_CONVERSION = YES;
				CLANG_WARN_NON_LITERAL_NULL_CONVERSION = YES;
				CLANG_WARN_OBJC_IMPLICIT_RETAIN_SELF = YES;
				CLANG_WARN_OBJC_LITERAL_CONVERSION = YES;
				CLANG_WARN_OBJC_ROOT_CLASS = YES_ERROR;
				CLANG_WARN_QUOTED_INCLUDE_IN_FRAMEWORK_HEADER = YES;
				CLANG_WARN_RANGE_LOOP_ANALYSIS = YES;
				CLANG_WARN_STRICT_PROTOTYPES = YES;
				CLANG_WARN_SUSPICIOUS_MOVE = YES;
				CLANG_WARN_UNGUARDED_AVAILABILITY = YES_AGGRESSIVE;
				CLANG_WARN_UNREACHABLE_CODE = YES;
				CLANG_WARN__DUPLICATE_METHOD_MATCH = YES;
				CODE_SIGN_STYLE = Automatic;
				COPY_PHASE_STRIP = NO;
				DEBUG_INFORMATION_FORMAT = "dwarf-with-dsym";
				DEVELOPMENT_TEAM = "";
				ENABLE_HARDENED_RUNTIME = YES;
				ENABLE_NS_ASSERTIONS = NO;
				ENABLE_STRICT_OBJC_MSGSEND = YES;
				GCC_C_LANGUAGE_STANDARD = gnu11;
				GCC_NO_COMMON_BLOCKS = YES;
				GCC_WARN_64_TO_32_BIT_CONVERSION = YES;
				GCC_WARN_ABOUT_RETURN_TYPE = YES_ERROR;
				GCC_WARN_UNDECLARED_SELECTOR = YES;
				GCC_WARN_UNINITIALIZED_AUTOS = YES_AGGRESSIVE;
				GCC_WARN_UNUSED_FUNCTION = YES;
				GCC_WARN_UNUSED_VARIABLE = YES;
				MACOSX_DEPLOYMENT_TARGET = 13.0;
				MTL_ENABLE_DEBUG_INFO = NO;
				MTL_FAST_MATH = YES;
				PRODUCT_NAME = "$(TARGET_NAME)";
				SDKROOT = macosx;
				SWIFT_COMPILATION_MODE = wholemodule;
				SWIFT_OPTIMIZATION_LEVEL = "-O";
				SWIFT_VERSION = 5.9;
			};
			name = Release;
		};
		A6286B5A731AE88B3BC6AAB5 /* Debug */ = {
			isa = XCBuildConfiguration;
			buildSettings = {
				ASSETCATALOG_COMPILER_APPICON_NAME = AppIcon;
				CODE_SIGN_ENTITLEMENTS = WNBAGames/WNBAGames.entitlements;
				COMBINE_HIDPI_IMAGES = YES;
				INFOPLIST_FILE = WNBAGames/Info.plist;
				LD_RUNPATH_SEARCH_PATHS = "$(inherited) @executable_path/../Frameworks";
				PRODUCT_BUNDLE_IDENTIFIER = com.phred.WNBAGames;
				PRODUCT_NAME = WNBAGames;
				SDKROOT = macosx;
				SWIFT_EMIT_LOC_STRINGS = YES;
			};
			name = Debug;
		};
		B70EBD3D37328DB53690647C /* Release */ = {
			isa = XCBuildConfiguration;
			buildSettings = {
				ASSETCATALOG_COMPILER_APPICON_NAME = AppIcon;
				CODE_SIGN_ENTITLEMENTS = WNBAGames/WNBAGames.entitlements;
				COMBINE_HIDPI_IMAGES = YES;
				INFOPLIST_FILE = WNBAGames/Info.plist;
				LD_RUNPATH_SEARCH_PATHS = "$(inherited) @executable_path/../Frameworks";
				PRODUCT_BUNDLE_IDENTIFIER = com.phred.WNBAGames;
				PRODUCT_NAME = WNBAGames;
				SDKROOT = macosx;
				SWIFT_EMIT_LOC_STRINGS = YES;
			};
			name = Release;
		};
		B8BA20983D5C28D65880CD3C /* Debug */ = {
			isa = XCBuildConfiguration;
			buildSettings = {
				ALWAYS_SEARCH_USER_PATHS = NO;
				CLANG_ANALYZER_NONNULL = YES;
				CLANG_ANALYZER_NUMBER_OBJECT_CONVERSION = YES_AGGRESSIVE;
				CLANG_CXX_LANGUAGE_STANDARD = "gnu++14";
				CLANG_CXX_LIBRARY = "libc++";
				CLANG_ENABLE_MODULES = YES;
				CLANG_ENABLE_OBJC_ARC = YES;
				CLANG_ENABLE_OBJC_WEAK = YES;
				CLANG_WARN_BLOCK_CAPTURE_AUTORELEASING = YES;
				CLANG_WARN_BOOL_CONVERSION = YES;
				CLANG_WARN_COMMA = YES;
				CLANG_WARN_CONSTANT_CONVERSION = YES;
				CLANG_WARN_DEPRECATED_OBJC_IMPLEMENTATIONS = YES;
				CLANG_WARN_DIRECT_OBJC_ISA_USAGE = YES_ERROR;
				CLANG_WARN_DOCUMENTATION_COMMENTS = YES;
				CLANG_WARN_EMPTY_BODY = YES;
				CLANG_WARN_ENUM_CONVERSION = YES;
				CLANG_WARN_INFINITE_RECURSION = YES;
				CLANG_WARN_INT_CONVERSION = YES;
				CLANG_WARN_NON_LITERAL_NULL_CONVERSION = YES;
				CLANG_WARN_OBJC_IMPLICIT_RETAIN_SELF = YES;
				CLANG_WARN_OBJC_LITERAL_CONVERSION = YES;
				CLANG_WARN_OBJC_ROOT_CLASS = YES_ERROR;
				CLANG_WARN_QUOTED_INCLUDE_IN_FRAMEWORK_HEADER = YES;
				CLANG_WARN_RANGE_LOOP_ANALYSIS = YES;
				CLANG_WARN_STRICT_PROTOTYPES = YES;
				CLANG_WARN_SUSPICIOUS_MOVE = YES;
				CLANG_WARN_UNGUARDED_AVAILABILITY = YES_AGGRESSIVE;
				CLANG_WARN_UNREACHABLE_CODE = YES;
				CLANG_WARN__DUPLICATE_METHOD_MATCH = YES;
				CODE_SIGN_STYLE = Automatic;
				COPY_PHASE_STRIP = NO;
				DEBUG_INFORMATION_FORMAT = dwarf;
				DEVELOPMENT_TEAM = "";
				ENABLE_HARDENED_RUNTIME = YES;
				ENABLE_STRICT_OBJC_MSGSEND = YES;
				ENABLE_TESTABILITY = YES;
				GCC_C_LANGUAGE_STANDARD = gnu11;
				GCC_DYNAMIC_NO_PIC = NO;
				GCC_NO_COMMON_BLOCKS = YES;
				GCC_OPTIMIZATION_LEVEL = 0;
				GCC_PREPROCESSOR_DEFINITIONS = (
					"$(inherited)",
					"DEBUG=1",
				);
				GCC_WARN_64_TO_32_BIT_CONVERSION = YES;
				GCC_WARN_ABOUT_RETURN_TYPE = YES_ERROR;
				GCC_WARN_UNDECLARED_SELECTOR = YES;
				GCC_WARN_UNINITIALIZED_AUTOS = YES_AGGRESSIVE;
				GCC_WARN_UNUSED_FUNCTION = YES;
				GCC_WARN_UNUSED_VARIABLE = YES;
				MACOSX_DEPLOYMENT_TARGET = 13.0;
				MTL_ENABLE_DEBUG_INFO = INCLUDE_SOURCE;
				MTL_FAST_MATH = YES;
				ONLY_ACTIVE_ARCH = YES;
				PRODUCT_NAME = "$(TARGET_NAME)";
				SDKROOT = macosx;
				SWIFT_ACTIVE_COMPILATION_CONDITIONS = DEBUG;
				SWIFT_OPTIMIZATION_LEVEL = "-Onone";
				SWIFT_VERSION = 5.9;
			};
			name = Debug;
		};
/* End XCBuildConfiguration section */

/* Begin XCConfigurationList section */
		EA136CA9E2C49721D9FA73EE /* Build configuration list for PBXNativeTarget "WNBAGames" */ = {
			isa = XCConfigurationList;
			buildConfigurations = (
				A6286B5A731AE88B3BC6AAB5 /* Debug */,
				B70EBD3D37328DB53690647C /* Release */,
			);
			defaultConfigurationIsVisible = 0;
			defaultConfigurationName = Debug;
		};
		FFB7FE58E363A81AB832F7F2 /* Build configuration list for PBXProject "WNBAGames" */ = {
			isa = XCConfigurationList;
			buildConfigurations = (
				B8BA20983D5C28D65880CD3C /* Debug */,
				19FDE2D6750597FBF6118E06 /* Release */,
			);
			defaultConfigurationIsVisible = 0;
			defaultConfigurationName = Debug;
		};
/* End XCConfigurationList section */
	};
	rootObject = 39B8878901346563C7BAE701 /* Project object */;
}
